# This file is automatically @generated by Cargo.
# It is not intended for manual editing.
version = 4

[[package]]
name = "polyml-bin"
version = "0.0.0"
dependencies = [
 "polyml-image",
 "polyml-runtime",
]

[[package]]
name = "polyml-image"
version = "0.0.0"

[[package]]
name = "polyml-runtime"
version = "0.0.0"
